
Microsoft Visual Studio Solution File, Format Version 12.00
# Visual Studio 2012
Project("{FAE04EC0-301F-11D3-BF4B-00C04F79EFBC}") = "premier nombres entiers avec  répeter", "premier nombres entiers avec  répeter\premier nombres entiers avec  répeter.csproj", "{14909B67-6CFE-4FF8-9A23-413A3F36473B}"
EndProject
Global
	GlobalSection(SolutionConfigurationPlatforms) = preSolution
		Debug|Any CPU = Debug|Any CPU
		Release|Any CPU = Release|Any CPU
	EndGlobalSection
	GlobalSection(ProjectConfigurationPlatforms) = postSolution
		{14909B67-6CFE-4FF8-9A23-413A3F36473B}.Debug|Any CPU.ActiveCfg = Debug|Any CPU
		{14909B67-6CFE-4FF8-9A23-413A3F36473B}.Debug|Any CPU.Build.0 = Debug|Any CPU
		{14909B67-6CFE-4FF8-9A23-413A3F36473B}.Release|Any CPU.ActiveCfg = Release|Any CPU
		{14909B67-6CFE-4FF8-9A23-413A3F36473B}.Release|Any CPU.Build.0 = Release|Any CPU
	EndGlobalSection
	GlobalSection(SolutionProperties) = preSolution
		HideSolutionNode = FALSE
	EndGlobalSection
EndGlobal
